
Microsoft Visual Studio Solution File, Format Version 12.00
# Visual Studio Version 17
VisualStudioVersion = 17.9.34622.214
MinimumVisualStudioVersion = 10.0.40219.1
Project("{FAE04EC0-301F-11D3-BF4B-00C04F79EFBC}") = "WebBanHang", "WebBanHang\WebBanHang.csproj", "{F5AD0C20-E6C9-4C6A-B6B9-1A7B5D684C40}"
EndProject
Global
	GlobalSection(SolutionConfigurationPlatforms) = preSolution
		Debug|Any CPU = Debug|Any CPU
		Release|Any CPU = Release|Any CPU
	EndGlobalSection
	GlobalSection(ProjectConfigurationPlatforms) = postSolution
		{F5AD0C20-E6C9-4C6A-B6B9-1A7B5D684C40}.Debug|Any CPU.ActiveCfg = Debug|Any CPU
		{F5AD0C20-E6C9-4C6A-B6B9-1A7B5D684C40}.Debug|Any CPU.Build.0 = Debug|Any CPU
		{F5AD0C20-E6C9-4C6A-B6B9-1A7B5D684C40}.Release|Any CPU.ActiveCfg = Release|Any CPU
		{F5AD0C20-E6C9-4C6A-B6B9-1A7B5D684C40}.Release|Any CPU.Build.0 = Release|Any CPU
	EndGlobalSection
	GlobalSection(SolutionProperties) = preSolution
		HideSolutionNode = FALSE
	EndGlobalSection
	GlobalSection(ExtensibilityGlobals) = postSolution
		SolutionGuid = {035F7ADC-AC42-4D67-84BB-171321059882}
	EndGlobalSection
EndGlobal
